
Microsoft Visual Studio Solution File, Format Version 12.00
# Visual Studio Version 17
VisualStudioVersion = 17.9.34607.119
MinimumVisualStudioVersion = 10.0.40219.1
Project("{FAE04EC0-301F-11D3-BF4B-00C04F79EFBC}") = "HexagonalMinAPI", "HexagonalMinAPI\HexagonalMinAPI.csproj", "{AFD0AAFF-D9A5-4586-B509-214226DC52E6}"
EndProject
Global
	GlobalSection(SolutionConfigurationPlatforms) = preSolution
		Debug|Any CPU = Debug|Any CPU
		Release|Any CPU = Release|Any CPU
	EndGlobalSection
	GlobalSection(ProjectConfigurationPlatforms) = postSolution
		{AFD0AAFF-D9A5-4586-B509-214226DC52E6}.Debug|Any CPU.ActiveCfg = Debug|Any CPU
		{AFD0AAFF-D9A5-4586-B509-214226DC52E6}.Debug|Any CPU.Build.0 = Debug|Any CPU
		{AFD0AAFF-D9A5-4586-B509-214226DC52E6}.Release|Any CPU.ActiveCfg = Release|Any CPU
		{AFD0AAFF-D9A5-4586-B509-214226DC52E6}.Release|Any CPU.Build.0 = Release|Any CPU
	EndGlobalSection
	GlobalSection(SolutionProperties) = preSolution
		HideSolutionNode = FALSE
	EndGlobalSection
	GlobalSection(ExtensibilityGlobals) = postSolution
		SolutionGuid = {AEAEA111-D6F8-42F4-8F76-4DB4382A2541}
	EndGlobalSection
EndGlobal
